<?xml version="1.0" encoding="utf-8"?>
<Project ToolsVersion="4.0" xmlns="http://schemas.microsoft.com/developer/msbuild/2003">
  <ItemGroup>
    <Filter Include="Source Files">
      <UniqueIdentifier>{4FC737F1-C7A5-4376-A066-2A32D752A2FF}</UniqueIdentifier>
      <Extensions>cpp;c;cc;cxx;c++;cppm;ixx;def;odl;idl;hpj;bat;asm;asmx</Extensions>
    </Filter>
    <Filter Include="Header Files">
      <UniqueIdentifier>{93995380-89BD-4b04-88EB-625FBE52EBFB}</UniqueIdentifier>
      <Extensions>h;hh;hpp;hxx;h++;hm;inl;inc;ipp;xsd</Extensions>
    </Filter>
    <Filter Include="Resource Files">
      <UniqueIdentifier>{67DA6AB6-F800-4c08-8B7A-83BB121AAD01}</UniqueIdentifier>
      <Extensions>rc;ico;cur;bmp;dlg;rc2;rct;bin;rgs;gif;jpg;jpeg;jpe;resx;tiff;tif;png;wav;mfcribbon-ms</Extensions>
    </Filter>
    <Filter Include="Header Files\Unity">
      <UniqueIdentifier>{d1508705-77a3-4e39-9f29-50d0f2facf13}</UniqueIdentifier>
    </Filter>
    <Filter Include="Header Files\AV">
      <UniqueIdentifier>{b0a2e284-91c4-4ec8-b542-9d19351487c2}</UniqueIdentifier>
    </Filter>
    <Filter Include="Header Files\Geometry">
      <UniqueIdentifier>{a416b853-b5cc-4d92-9c44-fc2cd9d2ec38}</UniqueIdentifier>
    </Filter>
    <Filter Include="Source Files\AV">
      <UniqueIdentifier>{84d50996-d354-4e88-b97f-c77ef9272f31}</UniqueIdentifier>
    </Filter>
    <Filter Include="Source Files\Geometry">
      <UniqueIdentifier>{0284d888-a884-413e-b31c-eb6fbdb11915}</UniqueIdentifier>
    </Filter>
    <Filter Include="Source Files\VolumetricVideo">
      <UniqueIdentifier>{026d1061-bd50-438c-bcd2-411665b9ec38}</UniqueIdentifier>
    </Filter>
    <Filter Include="Header Files\VolumetricVideo">
      <UniqueIdentifier>{962d1379-8203-477b-841e-070c31c9bdfc}</UniqueIdentifier>
    </Filter>
    <Filter Include="Source Files\Utils">
      <UniqueIdentifier>{d9de56d9-e8af-463c-bbd2-2a5c9e412291}</UniqueIdentifier>
    </Filter>
    <Filter Include="Header Files\Utils">
      <UniqueIdentifier>{610ae34f-c625-47e3-9fc8-1eef9be2cb9b}</UniqueIdentifier>
    </Filter>
  </ItemGroup>
  <ItemGroup>
    <ClInclude Include="src\Unity\IUnityGraphics.h">
      <Filter>Header Files\Unity</Filter>
    </ClInclude>
    <ClInclude Include="src\Unity\IUnityGraphicsD3D11.h">
      <Filter>Header Files\Unity</Filter>
    </ClInclude>
    <ClInclude Include="src\Unity\IUnityInterface.h">
      <Filter>Header Files\Unity</Filter>
    </ClInclude>
    <ClInclude Include="src\unity-volumetric-video-api.h">
      <Filter>Header Files</Filter>
    </ClInclude>
    <ClInclude Include="src\AVDecoderFFMPEG.h">
      <Filter>Header Files\AV</Filter>
    </ClInclude>
    <ClInclude Include="src\IAVDecoder.h">
      <Filter>Header Files\AV</Filter>
    </ClInclude>
    <ClInclude Include="src\IGeometryDecoder.h">
      <Filter>Header Files\Geometry</Filter>
    </ClInclude>
    <ClInclude Include="src\GeometryDecoderDraco.h">
      <Filter>Header Files\Geometry</Filter>
    </ClInclude>
    <ClInclude Include="src\ITexture.h">
      <Filter>Header Files\AV</Filter>
    </ClInclude>
    <ClInclude Include="src\TextureD3D11.h">
      <Filter>Header Files\AV</Filter>
    </ClInclude>
    <ClInclude Include="src\VolumetricVideoD3D11.h">
      <Filter>Header Files\VolumetricVideo</Filter>
    </ClInclude>
    <ClInclude Include="src\IVolumetricVideo.h">
      <Filter>Header Files\VolumetricVideo</Filter>
    </ClInclude>
    <ClInclude Include="src\FFMPEGTools.h">
      <Filter>Header Files\AV</Filter>
    </ClInclude>
    <ClInclude Include="src\Logger.h">
      <Filter>Header Files\Utils</Filter>
    </ClInclude>
  </ItemGroup>
  <ItemGroup>
    <ClCompile Include="src\unity-volumetric-video-api.cpp">
      <Filter>Source Files</Filter>
    </ClCompile>
    <ClCompile Include="src\AVDecoderFFMPEG.cpp">
      <Filter>Source Files\AV</Filter>
    </ClCompile>
    <ClCompile Include="src\IAVDecoder.cpp">
      <Filter>Source Files\AV</Filter>
    </ClCompile>
    <ClCompile Include="src\IGeometryDecoder.cpp">
      <Filter>Source Files\Geometry</Filter>
    </ClCompile>
    <ClCompile Include="src\GeometryDecoderDraco.cpp">
      <Filter>Source Files\Geometry</Filter>
    </ClCompile>
    <ClCompile Include="src\ITexture.cpp">
      <Filter>Source Files\AV</Filter>
    </ClCompile>
    <ClCompile Include="src\TextureD3D11.cpp">
      <Filter>Source Files\AV</Filter>
    </ClCompile>
    <ClCompile Include="src\VolumetricVideoD3D11.cpp">
      <Filter>Source Files\VolumetricVideo</Filter>
    </ClCompile>
    <ClCompile Include="src\IVolumetricVideo.cpp">
      <Filter>Source Files\VolumetricVideo</Filter>
    </ClCompile>
    <ClCompile Include="src\FFMPEGTools.cpp">
      <Filter>Source Files\AV</Filter>
    </ClCompile>
    <ClCompile Include="src\Logger.cpp">
      <Filter>Source Files\Utils</Filter>
    </ClCompile>
  </ItemGroup>
</Project>